<?xml version="1.0" encoding="utf-8"?>
<Project ToolsVersion="4.0" xmlns="http://schemas.microsoft.com/developer/msbuild/2003">
  <ItemGroup>
    <ClCompile Include="Source\Library\barrel.cpp" />
    <ClCompile Include="Source\Library\block.cpp" />
    <ClCompile Include="Source\Core\game.cpp" />
    <ClCompile Include="Source\Core\gameDoc.cpp" />
    <ClCompile Include="Source\Core\gameView.cpp" />
    <ClCompile Include="Source\Core\MainFrm.cpp" />
    <ClCompile Include="Source\Core\StdAfx.cpp" />
    <ClCompile Include="Source\Game\mygame_initialize.cpp" />
    <ClCompile Include="Source\Game\mygame_over.cpp" />
    <ClCompile Include="Source\Game\mygame_run.cpp" />
    <ClCompile Include="Source\Library\audio.cpp" />
    <ClCompile Include="Source\Library\bullet.cpp" />
    <ClCompile Include="Source\Library\enemy.cpp" />
    <ClCompile Include="Source\Library\gamecore.cpp" />
    <ClCompile Include="Source\Library\gamemap.cpp" />
    <ClCompile Include="Source\Library\gameutil.cpp" />
    <ClCompile Include="Source\Library\tower\cannon.cpp" />
    <ClCompile Include="Source\Library\tower\freezing.cpp" />
    <ClCompile Include="Source\Library\tower\sniper.cpp" />
    <ClCompile Include="Source\Library\tower\tower.cpp" />
    <ClCompile Include="Source\Library\wave.cpp" />
    <ClCompile Include="Source\Library\tower\blast.cpp" />
    <ClCompile Include="Source\Library\tower\air.cpp" />
    <ClCompile Include="Source\Library\tower\minigun.cpp" />
    <ClCompile Include="Source\Library\tower\venom.cpp" />
  </ItemGroup>
  <ItemGroup>
    <ClInclude Include="Source\Core\Game.h" />
    <ClInclude Include="Source\Core\gameDoc.h" />
    <ClInclude Include="Source\Core\gameView.h" />
    <ClInclude Include="Source\Core\MainFrm.h" />
    <ClInclude Include="Source\Core\Resource.h" />
    <ClInclude Include="Source\Core\StdAfx.h" />
    <ClInclude Include="Source\Game\config.h" />
    <ClInclude Include="Source\Game\mygame.h" />
    <ClInclude Include="Source\Library\audio.h" />
    <ClInclude Include="Source\Library\barrel.h" />
    <ClInclude Include="Source\Library\block.h" />
    <ClInclude Include="Source\Library\bullet.h" />
    <ClInclude Include="Source\Library\enemy.h" />
    <ClInclude Include="Source\Library\gamecore.h" />
    <ClInclude Include="Source\Library\gamemap.h" />
    <ClInclude Include="Source\Library\gameutil.h" />
    <ClInclude Include="Source\Library\tower\cannon.h" />
    <ClInclude Include="Source\Library\tower\freezing.h" />
    <ClInclude Include="Source\Library\tower\sniper.h" />
    <ClInclude Include="Source\Library\tower\tower.h" />
    <ClInclude Include="Source\Library\wave.h" />
    <ClInclude Include="Source\Library\tower\blast.h" />
    <ClInclude Include="Source\Library\tower\air.h" />
    <ClInclude Include="Source\Library\tower\minigun.h" />
    <ClInclude Include="Source\Library\tower\venom.h" />
  </ItemGroup>
  <ItemGroup>
    <ResourceCompile Include="Source\Core\game.rc" />
  </ItemGroup>
  <ItemGroup>
    <Image Include="resources\bitmap1.bmp" />
    <Image Include="Resources\Game Framework.png" />
    <Image Include="resources\game.ico" />
    <Image Include="resources\gameDoc.ico" />
    <Image Include="Resources\GAME_FRAMEWORK.bmp" />
    <Image Include="Resources\GAME_FRAMEWORK.ico" />
    <Image Include="resources\icon1.ico" />
    <Image Include="resources\Toolbar.bmp" />
  </ItemGroup>
  <ItemGroup>
    <None Include="Resources\gamecurs.cur" />
    <None Include="Resources\GAME.RC2" />
  </ItemGroup>
</Project>